// !$*UTF8*$!
{
	archiveVersion = 1;
	classes = {
	};
	objectVersion = 56;
	objects = {

/* Begin PBXBuildFile section */
		681E4F722AA99B5700DD07DF /* AppDelegate.swift in Sources */ = {isa = PBXBuildFile; fileRef = 681E4F712AA99B5700DD07DF /* AppDelegate.swift */; };
		681E4F742AA99B5700DD07DF /* SceneDelegate.swift in Sources */ = {isa = PBXBuildFile; fileRef = 681E4F732AA99B5700DD07DF /* SceneDelegate.swift */; };
		681E4F7B2AA99B5800DD07DF /* Assets.xcassets in Resources */ = {isa = PBXBuildFile; fileRef = 681E4F7A2AA99B5800DD07DF /* Assets.xcassets */; };
		681E4F7E2AA99B5800DD07DF /* LaunchScreen.storyboard in Resources */ = {isa = PBXBuildFile; fileRef = 681E4F7C2AA99B5800DD07DF /* LaunchScreen.storyboard */; };
		684B7C722AA9A0AD004DBE54 /* Alamofire in Frameworks */ = {isa = PBXBuildFile; productRef = 684B7C712AA9A0AD004DBE54 /* Alamofire */; };
		688B88F22AAA7B1C00CF8C59 /* SplashViewModel.swift in Sources */ = {isa = PBXBuildFile; fileRef = 688B88F12AAA7B1C00CF8C59 /* SplashViewModel.swift */; };
		688B88F62AAA7BB300CF8C59 /* SynchronizeRemoteVariablesUseCase.swift in Sources */ = {isa = PBXBuildFile; fileRef = 688B88F52AAA7BB300CF8C59 /* SynchronizeRemoteVariablesUseCase.swift */; };
		688B88F92AAA7C6900CF8C59 /* RemoteConfigProvider.swift in Sources */ = {isa = PBXBuildFile; fileRef = 688B88F82AAA7C6900CF8C59 /* RemoteConfigProvider.swift */; };
		688B88FC2AAA86F300CF8C59 /* SplashFactory.swift in Sources */ = {isa = PBXBuildFile; fileRef = 688B88FB2AAA86F300CF8C59 /* SplashFactory.swift */; };
		689B94F32AAA653C0019267A /* SplashViewController.swift in Sources */ = {isa = PBXBuildFile; fileRef = 689B94F22AAA653C0019267A /* SplashViewController.swift */; };
		689B94F52AAA65DD0019267A /* SplashCoordinator.swift in Sources */ = {isa = PBXBuildFile; fileRef = 689B94F42AAA65DD0019267A /* SplashCoordinator.swift */; };
		689B94F82AAA661A0019267A /* Coordinator.swift in Sources */ = {isa = PBXBuildFile; fileRef = 689B94F72AAA661A0019267A /* Coordinator.swift */; };
		689B94FB2AAA67170019267A /* AppCoordinator.swift in Sources */ = {isa = PBXBuildFile; fileRef = 689B94FA2AAA67170019267A /* AppCoordinator.swift */; };
		68F937A52AAA9781004F8327 /* Lottie in Frameworks */ = {isa = PBXBuildFile; productRef = 68F937A42AAA9781004F8327 /* Lottie */; };
		68F937AA2AAA97BA004F8327 /* splash_animation.json in Resources */ = {isa = PBXBuildFile; fileRef = 68F937A92AAA97BA004F8327 /* splash_animation.json */; };
		68F937AD2AAA9DB8004F8327 /* SynchronizeStorageUseCase.swift in Sources */ = {isa = PBXBuildFile; fileRef = 68F937AC2AAA9DB8004F8327 /* SynchronizeStorageUseCase.swift */; };
		68F937AF2AAA9DFB004F8327 /* IsRemoteDataIsSynchronizedUseCase.swift in Sources */ = {isa = PBXBuildFile; fileRef = 68F937AE2AAA9DFB004F8327 /* IsRemoteDataIsSynchronizedUseCase.swift */; };
		68F937B12AAA9F44004F8327 /* RemoteDataIsSynProvider.swift in Sources */ = {isa = PBXBuildFile; fileRef = 68F937B02AAA9F44004F8327 /* RemoteDataIsSynProvider.swift */; };
		68F937B42AAAA02F004F8327 /* KeysUserDefaults.swift in Sources */ = {isa = PBXBuildFile; fileRef = 68F937B32AAAA02F004F8327 /* KeysUserDefaults.swift */; };
		68F937B72AAAB5EF004F8327 /* Mission.swift in Sources */ = {isa = PBXBuildFile; fileRef = 68F937B62AAAB5EF004F8327 /* Mission.swift */; };
		68F937BB2AAAB977004F8327 /* MissionResponseModel.swift in Sources */ = {isa = PBXBuildFile; fileRef = 68F937BA2AAAB977004F8327 /* MissionResponseModel.swift */; };
		68F937BE2AAABCC1004F8327 /* APIRouter.swift in Sources */ = {isa = PBXBuildFile; fileRef = 68F937BD2AAABCC1004F8327 /* APIRouter.swift */; };
		68F937C02AAABCEA004F8327 /* Constants.swift in Sources */ = {isa = PBXBuildFile; fileRef = 68F937BF2AAABCEA004F8327 /* Constants.swift */; };
		68F937C22AAABDE1004F8327 /* APIConfiguration.swift in Sources */ = {isa = PBXBuildFile; fileRef = 68F937C12AAABDE1004F8327 /* APIConfiguration.swift */; };
		68F937C42AAABE08004F8327 /* MisionEndpoint.swift in Sources */ = {isa = PBXBuildFile; fileRef = 68F937C32AAABE08004F8327 /* MisionEndpoint.swift */; };
		68F937C62AAABF7B004F8327 /* APIClient.swift in Sources */ = {isa = PBXBuildFile; fileRef = 68F937C52AAABF7B004F8327 /* APIClient.swift */; };
		68F937C92AAAC700004F8327 /* RealmSwift in Frameworks */ = {isa = PBXBuildFile; productRef = 68F937C82AAAC700004F8327 /* RealmSwift */; };
		68F937CC2AAAC9B4004F8327 /* RealmMission.swift in Sources */ = {isa = PBXBuildFile; fileRef = 68F937CB2AAAC9B4004F8327 /* RealmMission.swift */; };
		68F937CE2AAACBCD004F8327 /* StorageClient.swift in Sources */ = {isa = PBXBuildFile; fileRef = 68F937CD2AAACBCD004F8327 /* StorageClient.swift */; };
		68F937D52AAC3270004F8327 /* HomeViewController.swift in Sources */ = {isa = PBXBuildFile; fileRef = 68F937D42AAC3270004F8327 /* HomeViewController.swift */; };
		68F937D72AAC32EA004F8327 /* HomeViewModel.swift in Sources */ = {isa = PBXBuildFile; fileRef = 68F937D62AAC32EA004F8327 /* HomeViewModel.swift */; };
		68F937D92AAC39E5004F8327 /* HomeCoordinator.swift in Sources */ = {isa = PBXBuildFile; fileRef = 68F937D82AAC39E5004F8327 /* HomeCoordinator.swift */; };
		68F937DB2AAC3A30004F8327 /* HomeFactory.swift in Sources */ = {isa = PBXBuildFile; fileRef = 68F937DA2AAC3A30004F8327 /* HomeFactory.swift */; };
/* End PBXBuildFile section */

/* Begin PBXFileReference section */
		681E4F6E2AA99B5700DD07DF /* SpaceXTest.app */ = {isa = PBXFileReference; explicitFileType = wrapper.application; includeInIndex = 0; path = SpaceXTest.app; sourceTree = BUILT_PRODUCTS_DIR; };
		681E4F712AA99B5700DD07DF /* AppDelegate.swift */ = {isa = PBXFileReference; lastKnownFileType = sourcecode.swift; path = AppDelegate.swift; sourceTree = "<group>"; };
		681E4F732AA99B5700DD07DF /* SceneDelegate.swift */ = {isa = PBXFileReference; lastKnownFileType = sourcecode.swift; path = SceneDelegate.swift; sourceTree = "<group>"; };
		681E4F7A2AA99B5800DD07DF /* Assets.xcassets */ = {isa = PBXFileReference; lastKnownFileType = folder.assetcatalog; path = Assets.xcassets; sourceTree = "<group>"; };
		681E4F7D2AA99B5800DD07DF /* Base */ = {isa = PBXFileReference; lastKnownFileType = file.storyboard; name = Base; path = Base.lproj/LaunchScreen.storyboard; sourceTree = "<group>"; };
		681E4F7F2AA99B5800DD07DF /* Info.plist */ = {isa = PBXFileReference; lastKnownFileType = text.plist.xml; path = Info.plist; sourceTree = "<group>"; };
		688B88F12AAA7B1C00CF8C59 /* SplashViewModel.swift */ = {isa = PBXFileReference; lastKnownFileType = sourcecode.swift; path = SplashViewModel.swift; sourceTree = "<group>"; };
		688B88F52AAA7BB300CF8C59 /* SynchronizeRemoteVariablesUseCase.swift */ = {isa = PBXFileReference; lastKnownFileType = sourcecode.swift; path = SynchronizeRemoteVariablesUseCase.swift; sourceTree = "<group>"; };
		688B88F82AAA7C6900CF8C59 /* RemoteConfigProvider.swift */ = {isa = PBXFileReference; lastKnownFileType = sourcecode.swift; path = RemoteConfigProvider.swift; sourceTree = "<group>"; };
		688B88FB2AAA86F300CF8C59 /* SplashFactory.swift */ = {isa = PBXFileReference; lastKnownFileType = sourcecode.swift; path = SplashFactory.swift; sourceTree = "<group>"; };
		689B94F22AAA653C0019267A /* SplashViewController.swift */ = {isa = PBXFileReference; lastKnownFileType = sourcecode.swift; path = SplashViewController.swift; sourceTree = "<group>"; };
		689B94F42AAA65DD0019267A /* SplashCoordinator.swift */ = {isa = PBXFileReference; lastKnownFileType = sourcecode.swift; path = SplashCoordinator.swift; sourceTree = "<group>"; };
		689B94F72AAA661A0019267A /* Coordinator.swift */ = {isa = PBXFileReference; lastKnownFileType = sourcecode.swift; path = Coordinator.swift; sourceTree = "<group>"; };
		689B94FA2AAA67170019267A /* AppCoordinator.swift */ = {isa = PBXFileReference; lastKnownFileType = sourcecode.swift; path = AppCoordinator.swift; sourceTree = "<group>"; };
		68F937A92AAA97BA004F8327 /* splash_animation.json */ = {isa = PBXFileReference; fileEncoding = 4; lastKnownFileType = text.json; path = splash_animation.json; sourceTree = "<group>"; };
		68F937AC2AAA9DB8004F8327 /* SynchronizeStorageUseCase.swift */ = {isa = PBXFileReference; lastKnownFileType = sourcecode.swift; path = SynchronizeStorageUseCase.swift; sourceTree = "<group>"; };
		68F937AE2AAA9DFB004F8327 /* IsRemoteDataIsSynchronizedUseCase.swift */ = {isa = PBXFileReference; lastKnownFileType = sourcecode.swift; path = IsRemoteDataIsSynchronizedUseCase.swift; sourceTree = "<group>"; };
		68F937B02AAA9F44004F8327 /* RemoteDataIsSynProvider.swift */ = {isa = PBXFileReference; lastKnownFileType = sourcecode.swift; path = RemoteDataIsSynProvider.swift; sourceTree = "<group>"; };
		68F937B32AAAA02F004F8327 /* KeysUserDefaults.swift */ = {isa = PBXFileReference; lastKnownFileType = sourcecode.swift; path = KeysUserDefaults.swift; sourceTree = "<group>"; };
		68F937B62AAAB5EF004F8327 /* Mission.swift */ = {isa = PBXFileReference; lastKnownFileType = sourcecode.swift; path = Mission.swift; sourceTree = "<group>"; };
		68F937BA2AAAB977004F8327 /* MissionResponseModel.swift */ = {isa = PBXFileReference; lastKnownFileType = sourcecode.swift; path = MissionResponseModel.swift; sourceTree = "<group>"; };
		68F937BD2AAABCC1004F8327 /* APIRouter.swift */ = {isa = PBXFileReference; lastKnownFileType = sourcecode.swift; path = APIRouter.swift; sourceTree = "<group>"; };
		68F937BF2AAABCEA004F8327 /* Constants.swift */ = {isa = PBXFileReference; lastKnownFileType = sourcecode.swift; path = Constants.swift; sourceTree = "<group>"; };
		68F937C12AAABDE1004F8327 /* APIConfiguration.swift */ = {isa = PBXFileReference; lastKnownFileType = sourcecode.swift; path = APIConfiguration.swift; sourceTree = "<group>"; };
		68F937C32AAABE08004F8327 /* MisionEndpoint.swift */ = {isa = PBXFileReference; lastKnownFileType = sourcecode.swift; path = MisionEndpoint.swift; sourceTree = "<group>"; };
		68F937C52AAABF7B004F8327 /* APIClient.swift */ = {isa = PBXFileReference; lastKnownFileType = sourcecode.swift; path = APIClient.swift; sourceTree = "<group>"; };
		68F937CB2AAAC9B4004F8327 /* RealmMission.swift */ = {isa = PBXFileReference; lastKnownFileType = sourcecode.swift; path = RealmMission.swift; sourceTree = "<group>"; };
		68F937CD2AAACBCD004F8327 /* StorageClient.swift */ = {isa = PBXFileReference; lastKnownFileType = sourcecode.swift; path = StorageClient.swift; sourceTree = "<group>"; };
		68F937D42AAC3270004F8327 /* HomeViewController.swift */ = {isa = PBXFileReference; lastKnownFileType = sourcecode.swift; path = HomeViewController.swift; sourceTree = "<group>"; };
		68F937D62AAC32EA004F8327 /* HomeViewModel.swift */ = {isa = PBXFileReference; lastKnownFileType = sourcecode.swift; path = HomeViewModel.swift; sourceTree = "<group>"; };
		68F937D82AAC39E5004F8327 /* HomeCoordinator.swift */ = {isa = PBXFileReference; lastKnownFileType = sourcecode.swift; path = HomeCoordinator.swift; sourceTree = "<group>"; };
		68F937DA2AAC3A30004F8327 /* HomeFactory.swift */ = {isa = PBXFileReference; lastKnownFileType = sourcecode.swift; path = HomeFactory.swift; sourceTree = "<group>"; };
/* End PBXFileReference section */

/* Begin PBXFrameworksBuildPhase section */
		681E4F6B2AA99B5700DD07DF /* Frameworks */ = {
			isa = PBXFrameworksBuildPhase;
			buildActionMask = 2147483647;
			files = (
				68F937C92AAAC700004F8327 /* RealmSwift in Frameworks */,
				684B7C722AA9A0AD004DBE54 /* Alamofire in Frameworks */,
				68F937A52AAA9781004F8327 /* Lottie in Frameworks */,
			);
			runOnlyForDeploymentPostprocessing = 0;
		};
/* End PBXFrameworksBuildPhase section */

/* Begin PBXGroup section */
		681E4F652AA99B5700DD07DF = {
			isa = PBXGroup;
			children = (
				681E4F702AA99B5700DD07DF /* SpaceXTest */,
				681E4F6F2AA99B5700DD07DF /* Products */,
			);
			sourceTree = "<group>";
		};
		681E4F6F2AA99B5700DD07DF /* Products */ = {
			isa = PBXGroup;
			children = (
				681E4F6E2AA99B5700DD07DF /* SpaceXTest.app */,
			);
			name = Products;
			sourceTree = "<group>";
		};
		681E4F702AA99B5700DD07DF /* SpaceXTest */ = {
			isa = PBXGroup;
			children = (
				68F937CA2AAAC90A004F8327 /* Storage */,
				68F937BC2AAABC7E004F8327 /* Networking */,
				68F937B92AAAB92F004F8327 /* Domain */,
				68F937A62AAA978E004F8327 /* Resources */,
				689B94F62AAA65F80019267A /* Base */,
				689B94F02AAA65030019267A /* Scenes */,
				681E4F7F2AA99B5800DD07DF /* Info.plist */,
			);
			path = SpaceXTest;
			sourceTree = "<group>";
		};
		688B88F42AAA7B5500CF8C59 /* UseCases */ = {
			isa = PBXGroup;
			children = (
				68F937B52AAAB5D2004F8327 /* Model */,
				688B88F52AAA7BB300CF8C59 /* SynchronizeRemoteVariablesUseCase.swift */,
				68F937AC2AAA9DB8004F8327 /* SynchronizeStorageUseCase.swift */,
				68F937AE2AAA9DFB004F8327 /* IsRemoteDataIsSynchronizedUseCase.swift */,
			);
			path = UseCases;
			sourceTree = "<group>";
		};
		688B88F72AAA7C4100CF8C59 /* Providers */ = {
			isa = PBXGroup;
			children = (
				68F937B82AAAB90E004F8327 /* Model */,
				688B88F82AAA7C6900CF8C59 /* RemoteConfigProvider.swift */,
				68F937B02AAA9F44004F8327 /* RemoteDataIsSynProvider.swift */,
			);
			path = Providers;
			sourceTree = "<group>";
		};
		689B94F02AAA65030019267A /* Scenes */ = {
			isa = PBXGroup;
			children = (
				68F937AB2AAA9BAB004F8327 /* Home */,
				689B94F92AAA67040019267A /* Main */,
				689B94F12AAA65230019267A /* Splash */,
			);
			path = Scenes;
			sourceTree = "<group>";
		};
		689B94F12AAA65230019267A /* Splash */ = {
			isa = PBXGroup;
			children = (
				688B88FB2AAA86F300CF8C59 /* SplashFactory.swift */,
				689B94F22AAA653C0019267A /* SplashViewController.swift */,
				688B88F12AAA7B1C00CF8C59 /* SplashViewModel.swift */,
				689B94F42AAA65DD0019267A /* SplashCoordinator.swift */,
			);
			path = Splash;
			sourceTree = "<group>";
		};
		689B94F62AAA65F80019267A /* Base */ = {
			isa = PBXGroup;
			children = (
				68F937B22AAAA019004F8327 /* UserDefaults */,
				689B94F72AAA661A0019267A /* Coordinator.swift */,
			);
			path = Base;
			sourceTree = "<group>";
		};
		689B94F92AAA67040019267A /* Main */ = {
			isa = PBXGroup;
			children = (
				681E4F7C2AA99B5800DD07DF /* LaunchScreen.storyboard */,
				681E4F712AA99B5700DD07DF /* AppDelegate.swift */,
				681E4F732AA99B5700DD07DF /* SceneDelegate.swift */,
				689B94FA2AAA67170019267A /* AppCoordinator.swift */,
			);
			path = Main;
			sourceTree = "<group>";
		};
		68F937A62AAA978E004F8327 /* Resources */ = {
			isa = PBXGroup;
			children = (
				681E4F7A2AA99B5800DD07DF /* Assets.xcassets */,
				68F937A72AAA9799004F8327 /* Animations */,
			);
			path = Resources;
			sourceTree = "<group>";
		};
		68F937A72AAA9799004F8327 /* Animations */ = {
			isa = PBXGroup;
			children = (
				68F937A82AAA97A1004F8327 /* Splash */,
			);
			path = Animations;
			sourceTree = "<group>";
		};
		68F937A82AAA97A1004F8327 /* Splash */ = {
			isa = PBXGroup;
			children = (
				68F937A92AAA97BA004F8327 /* splash_animation.json */,
			);
			path = Splash;
			sourceTree = "<group>";
		};
		68F937AB2AAA9BAB004F8327 /* Home */ = {
			isa = PBXGroup;
			children = (
				68F937D42AAC3270004F8327 /* HomeViewController.swift */,
				68F937D62AAC32EA004F8327 /* HomeViewModel.swift */,
				68F937D82AAC39E5004F8327 /* HomeCoordinator.swift */,
				68F937DA2AAC3A30004F8327 /* HomeFactory.swift */,
			);
			path = Home;
			sourceTree = "<group>";
		};
		68F937B22AAAA019004F8327 /* UserDefaults */ = {
			isa = PBXGroup;
			children = (
				68F937B32AAAA02F004F8327 /* KeysUserDefaults.swift */,
			);
			path = UserDefaults;
			sourceTree = "<group>";
		};
		68F937B52AAAB5D2004F8327 /* Model */ = {
			isa = PBXGroup;
			children = (
				68F937B62AAAB5EF004F8327 /* Mission.swift */,
			);
			path = Model;
			sourceTree = "<group>";
		};
		68F937B82AAAB90E004F8327 /* Model */ = {
			isa = PBXGroup;
			children = (
				68F937BA2AAAB977004F8327 /* MissionResponseModel.swift */,
			);
			path = Model;
			sourceTree = "<group>";
		};
		68F937B92AAAB92F004F8327 /* Domain */ = {
			isa = PBXGroup;
			children = (
				688B88F72AAA7C4100CF8C59 /* Providers */,
				688B88F42AAA7B5500CF8C59 /* UseCases */,
			);
			path = Domain;
			sourceTree = "<group>";
		};
		68F937BC2AAABC7E004F8327 /* Networking */ = {
			isa = PBXGroup;
			children = (
				68F937BD2AAABCC1004F8327 /* APIRouter.swift */,
				68F937BF2AAABCEA004F8327 /* Constants.swift */,
				68F937C12AAABDE1004F8327 /* APIConfiguration.swift */,
				68F937C32AAABE08004F8327 /* MisionEndpoint.swift */,
				68F937C52AAABF7B004F8327 /* APIClient.swift */,
			);
			path = Networking;
			sourceTree = "<group>";
		};
		68F937CA2AAAC90A004F8327 /* Storage */ = {
			isa = PBXGroup;
			children = (
				68F937CB2AAAC9B4004F8327 /* RealmMission.swift */,
				68F937CD2AAACBCD004F8327 /* StorageClient.swift */,
			);
			path = Storage;
			sourceTree = "<group>";
		};
/* End PBXGroup section */

/* Begin PBXNativeTarget section */
		681E4F6D2AA99B5700DD07DF /* SpaceXTest */ = {
			isa = PBXNativeTarget;
			buildConfigurationList = 681E4F822AA99B5800DD07DF /* Build configuration list for PBXNativeTarget "SpaceXTest" */;
			buildPhases = (
				681E4F6A2AA99B5700DD07DF /* Sources */,
				681E4F6B2AA99B5700DD07DF /* Frameworks */,
				681E4F6C2AA99B5700DD07DF /* Resources */,
			);
			buildRules = (
			);
			dependencies = (
			);
			name = SpaceXTest;
			packageProductDependencies = (
				684B7C712AA9A0AD004DBE54 /* Alamofire */,
				68F937A42AAA9781004F8327 /* Lottie */,
				68F937C82AAAC700004F8327 /* RealmSwift */,
			);
			productName = SpaceXTest;
			productReference = 681E4F6E2AA99B5700DD07DF /* SpaceXTest.app */;
			productType = "com.apple.product-type.application";
		};
/* End PBXNativeTarget section */

/* Begin PBXProject section */
		681E4F662AA99B5700DD07DF /* Project object */ = {
			isa = PBXProject;
			attributes = {
				BuildIndependentTargetsInParallel = 1;
				LastSwiftUpdateCheck = 1430;
				LastUpgradeCheck = 1430;
				TargetAttributes = {
					681E4F6D2AA99B5700DD07DF = {
						CreatedOnToolsVersion = 14.3.1;
					};
				};
			};
			buildConfigurationList = 681E4F692AA99B5700DD07DF /* Build configuration list for PBXProject "SpaceXTest" */;
			compatibilityVersion = "Xcode 14.0";
			developmentRegion = en;
			hasScannedForEncodings = 0;
			knownRegions = (
				en,
				Base,
			);
			mainGroup = 681E4F652AA99B5700DD07DF;
			packageReferences = (
				684B7C702AA9A0AD004DBE54 /* XCRemoteSwiftPackageReference "Alamofire" */,
				68F937A32AAA9781004F8327 /* XCRemoteSwiftPackageReference "lottie-spm" */,
				68F937C72AAAC700004F8327 /* XCRemoteSwiftPackageReference "realm-swift" */,
			);
			productRefGroup = 681E4F6F2AA99B5700DD07DF /* Products */;
			projectDirPath = "";
			projectRoot = "";
			targets = (
				681E4F6D2AA99B5700DD07DF /* SpaceXTest */,
			);
		};
/* End PBXProject section */

/* Begin PBXResourcesBuildPhase section */
		681E4F6C2AA99B5700DD07DF /* Resources */ = {
			isa = PBXResourcesBuildPhase;
			buildActionMask = 2147483647;
			files = (
				681E4F7E2AA99B5800DD07DF /* LaunchScreen.storyboard in Resources */,
				68F937AA2AAA97BA004F8327 /* splash_animation.json in Resources */,
				681E4F7B2AA99B5800DD07DF /* Assets.xcassets in Resources */,
			);
			runOnlyForDeploymentPostprocessing = 0;
		};
/* End PBXResourcesBuildPhase section */

/* Begin PBXSourcesBuildPhase section */
		681E4F6A2AA99B5700DD07DF /* Sources */ = {
			isa = PBXSourcesBuildPhase;
			buildActionMask = 2147483647;
			files = (
				688B88F92AAA7C6900CF8C59 /* RemoteConfigProvider.swift in Sources */,
				681E4F722AA99B5700DD07DF /* AppDelegate.swift in Sources */,
				689B94F82AAA661A0019267A /* Coordinator.swift in Sources */,
				68F937D72AAC32EA004F8327 /* HomeViewModel.swift in Sources */,
				681E4F742AA99B5700DD07DF /* SceneDelegate.swift in Sources */,
				68F937CC2AAAC9B4004F8327 /* RealmMission.swift in Sources */,
				68F937AD2AAA9DB8004F8327 /* SynchronizeStorageUseCase.swift in Sources */,
				68F937C42AAABE08004F8327 /* MisionEndpoint.swift in Sources */,
				68F937DB2AAC3A30004F8327 /* HomeFactory.swift in Sources */,
				688B88F22AAA7B1C00CF8C59 /* SplashViewModel.swift in Sources */,
				68F937C22AAABDE1004F8327 /* APIConfiguration.swift in Sources */,
				68F937C62AAABF7B004F8327 /* APIClient.swift in Sources */,
				68F937B42AAAA02F004F8327 /* KeysUserDefaults.swift in Sources */,
				68F937D52AAC3270004F8327 /* HomeViewController.swift in Sources */,
				68F937BB2AAAB977004F8327 /* MissionResponseModel.swift in Sources */,
				688B88F62AAA7BB300CF8C59 /* SynchronizeRemoteVariablesUseCase.swift in Sources */,
				68F937BE2AAABCC1004F8327 /* APIRouter.swift in Sources */,
				68F937CE2AAACBCD004F8327 /* StorageClient.swift in Sources */,
				689B94F32AAA653C0019267A /* SplashViewController.swift in Sources */,
				68F937B12AAA9F44004F8327 /* RemoteDataIsSynProvider.swift in Sources */,
				68F937B72AAAB5EF004F8327 /* Mission.swift in Sources */,
				688B88FC2AAA86F300CF8C59 /* SplashFactory.swift in Sources */,
				68F937D92AAC39E5004F8327 /* HomeCoordinator.swift in Sources */,
				68F937AF2AAA9DFB004F8327 /* IsRemoteDataIsSynchronizedUseCase.swift in Sources */,
				689B94F52AAA65DD0019267A /* SplashCoordinator.swift in Sources */,
				689B94FB2AAA67170019267A /* AppCoordinator.swift in Sources */,
				68F937C02AAABCEA004F8327 /* Constants.swift in Sources */,
			);
			runOnlyForDeploymentPostprocessing = 0;
		};
/* End PBXSourcesBuildPhase section */

/* Begin PBXVariantGroup section */
		681E4F7C2AA99B5800DD07DF /* LaunchScreen.storyboard */ = {
			isa = PBXVariantGroup;
			children = (
				681E4F7D2AA99B5800DD07DF /* Base */,
			);
			name = LaunchScreen.storyboard;
			sourceTree = "<group>";
		};
/* End PBXVariantGroup section */

/* Begin XCBuildConfiguration section */
		681E4F802AA99B5800DD07DF /* Debug */ = {
			isa = XCBuildConfiguration;
			buildSettings = {
				ALWAYS_SEARCH_USER_PATHS = NO;
				CLANG_ANALYZER_NONNULL = YES;
				CLANG_ANALYZER_NUMBER_OBJECT_CONVERSION = YES_AGGRESSIVE;
				CLANG_CXX_LANGUAGE_STANDARD = "gnu++20";
				CLANG_ENABLE_MODULES = YES;
				CLANG_ENABLE_OBJC_ARC = YES;
				CLANG_ENABLE_OBJC_WEAK = YES;
				CLANG_WARN_BLOCK_CAPTURE_AUTORELEASING = YES;
				CLANG_WARN_BOOL_CONVERSION = YES;
				CLANG_WARN_COMMA = YES;
				CLANG_WARN_CONSTANT_CONVERSION = YES;
				CLANG_WARN_DEPRECATED_OBJC_IMPLEMENTATIONS = YES;
				CLANG_WARN_DIRECT_OBJC_ISA_USAGE = YES_ERROR;
				CLANG_WARN_DOCUMENTATION_COMMENTS = YES;
				CLANG_WARN_EMPTY_BODY = YES;
				CLANG_WARN_ENUM_CONVERSION = YES;
				CLANG_WARN_INFINITE_RECURSION = YES;
				CLANG_WARN_INT_CONVERSION = YES;
				CLANG_WARN_NON_LITERAL_NULL_CONVERSION = YES;
				CLANG_WARN_OBJC_IMPLICIT_RETAIN_SELF = YES;
				CLANG_WARN_OBJC_LITERAL_CONVERSION = YES;
				CLANG_WARN_OBJC_ROOT_CLASS = YES_ERROR;
				CLANG_WARN_QUOTED_INCLUDE_IN_FRAMEWORK_HEADER = YES;
				CLANG_WARN_RANGE_LOOP_ANALYSIS = YES;
				CLANG_WARN_STRICT_PROTOTYPES = YES;
				CLANG_WARN_SUSPICIOUS_MOVE = YES;
				CLANG_WARN_UNGUARDED_AVAILABILITY = YES_AGGRESSIVE;
				CLANG_WARN_UNREACHABLE_CODE = YES;
				CLANG_WARN__DUPLICATE_METHOD_MATCH = YES;
				COPY_PHASE_STRIP = NO;
				DEBUG_INFORMATION_FORMAT = dwarf;
				ENABLE_STRICT_OBJC_MSGSEND = YES;
				ENABLE_TESTABILITY = YES;
				GCC_C_LANGUAGE_STANDARD = gnu11;
				GCC_DYNAMIC_NO_PIC = NO;
				GCC_NO_COMMON_BLOCKS = YES;
				GCC_OPTIMIZATION_LEVEL = 0;
				GCC_PREPROCESSOR_DEFINITIONS = (
					"DEBUG=1",
					"$(inherited)",
				);
				GCC_WARN_64_TO_32_BIT_CONVERSION = YES;
				GCC_WARN_ABOUT_RETURN_TYPE = YES_ERROR;
				GCC_WARN_UNDECLARED_SELECTOR = YES;
				GCC_WARN_UNINITIALIZED_AUTOS = YES_AGGRESSIVE;
				GCC_WARN_UNUSED_FUNCTION = YES;
				GCC_WARN_UNUSED_VARIABLE = YES;
				IPHONEOS_DEPLOYMENT_TARGET = 16.4;
				MTL_ENABLE_DEBUG_INFO = INCLUDE_SOURCE;
				MTL_FAST_MATH = YES;
				ONLY_ACTIVE_ARCH = YES;
				SDKROOT = iphoneos;
				SWIFT_ACTIVE_COMPILATION_CONDITIONS = DEBUG;
				SWIFT_OPTIMIZATION_LEVEL = "-Onone";
			};
			name = Debug;
		};
		681E4F812AA99B5800DD07DF /* Release */ = {
			isa = XCBuildConfiguration;
			buildSettings = {
				ALWAYS_SEARCH_USER_PATHS = NO;
				CLANG_ANALYZER_NONNULL = YES;
				CLANG_ANALYZER_NUMBER_OBJECT_CONVERSION = YES_AGGRESSIVE;
				CLANG_CXX_LANGUAGE_STANDARD = "gnu++20";
				CLANG_ENABLE_MODULES = YES;
				CLANG_ENABLE_OBJC_ARC = YES;
				CLANG_ENABLE_OBJC_WEAK = YES;
				CLANG_WARN_BLOCK_CAPTURE_AUTORELEASING = YES;
				CLANG_WARN_BOOL_CONVERSION = YES;
				CLANG_WARN_COMMA = YES;
				CLANG_WARN_CONSTANT_CONVERSION = YES;
				CLANG_WARN_DEPRECATED_OBJC_IMPLEMENTATIONS = YES;
				CLANG_WARN_DIRECT_OBJC_ISA_USAGE = YES_ERROR;
				CLANG_WARN_DOCUMENTATION_COMMENTS = YES;
				CLANG_WARN_EMPTY_BODY = YES;
				CLANG_WARN_ENUM_CONVERSION = YES;
				CLANG_WARN_INFINITE_RECURSION = YES;
				CLANG_WARN_INT_CONVERSION = YES;
				CLANG_WARN_NON_LITERAL_NULL_CONVERSION = YES;
				CLANG_WARN_OBJC_IMPLICIT_RETAIN_SELF = YES;
				CLANG_WARN_OBJC_LITERAL_CONVERSION = YES;
				CLANG_WARN_OBJC_ROOT_CLASS = YES_ERROR;
				CLANG_WARN_QUOTED_INCLUDE_IN_FRAMEWORK_HEADER = YES;
				CLANG_WARN_RANGE_LOOP_ANALYSIS = YES;
				CLANG_WARN_STRICT_PROTOTYPES = YES;
				CLANG_WARN_SUSPICIOUS_MOVE = YES;
				CLANG_WARN_UNGUARDED_AVAILABILITY = YES_AGGRESSIVE;
				CLANG_WARN_UNREACHABLE_CODE = YES;
				CLANG_WARN__DUPLICATE_METHOD_MATCH = YES;
				COPY_PHASE_STRIP = NO;
				DEBUG_INFORMATION_FORMAT = "dwarf-with-dsym";
				ENABLE_NS_ASSERTIONS = NO;
				ENABLE_STRICT_OBJC_MSGSEND = YES;
				GCC_C_LANGUAGE_STANDARD = gnu11;
				GCC_NO_COMMON_BLOCKS = YES;
				GCC_WARN_64_TO_32_BIT_CONVERSION = YES;
				GCC_WARN_ABOUT_RETURN_TYPE = YES_ERROR;
				GCC_WARN_UNDECLARED_SELECTOR = YES;
				GCC_WARN_UNINITIALIZED_AUTOS = YES_AGGRESSIVE;
				GCC_WARN_UNUSED_FUNCTION = YES;
				GCC_WARN_UNUSED_VARIABLE = YES;
				IPHONEOS_DEPLOYMENT_TARGET = 16.4;
				MTL_ENABLE_DEBUG_INFO = NO;
				MTL_FAST_MATH = YES;
				SDKROOT = iphoneos;
				SWIFT_COMPILATION_MODE = wholemodule;
				SWIFT_OPTIMIZATION_LEVEL = "-O";
				VALIDATE_PRODUCT = YES;
			};
			name = Release;
		};
		681E4F832AA99B5800DD07DF /* Debug */ = {
			isa = XCBuildConfiguration;
			buildSettings = {
				ASSETCATALOG_COMPILER_APPICON_NAME = AppIcon;
				ASSETCATALOG_COMPILER_GLOBAL_ACCENT_COLOR_NAME = AccentColor;
				CODE_SIGN_STYLE = Automatic;
				CURRENT_PROJECT_VERSION = 1;
				GENERATE_INFOPLIST_FILE = YES;
				INFOPLIST_FILE = SpaceXTest/Info.plist;
				INFOPLIST_KEY_UIApplicationSupportsIndirectInputEvents = YES;
				INFOPLIST_KEY_UILaunchStoryboardName = LaunchScreen;
				INFOPLIST_KEY_UIMainStoryboardFile = "";
				INFOPLIST_KEY_UISupportedInterfaceOrientations_iPad = "UIInterfaceOrientationPortrait UIInterfaceOrientationPortraitUpsideDown UIInterfaceOrientationLandscapeLeft UIInterfaceOrientationLandscapeRight";
				INFOPLIST_KEY_UISupportedInterfaceOrientations_iPhone = "UIInterfaceOrientationPortrait UIInterfaceOrientationLandscapeLeft UIInterfaceOrientationLandscapeRight";
				LD_RUNPATH_SEARCH_PATHS = (
					"$(inherited)",
					"@executable_path/Frameworks",
				);
				MARKETING_VERSION = 1.0;
				PRODUCT_BUNDLE_IDENTIFIER = ita.SpaceXTest;
				PRODUCT_NAME = "$(TARGET_NAME)";
				SWIFT_EMIT_LOC_STRINGS = YES;
				SWIFT_VERSION = 5.0;
				TARGETED_DEVICE_FAMILY = "1,2";
			};
			name = Debug;
		};
		681E4F842AA99B5800DD07DF /* Release */ = {
			isa = XCBuildConfiguration;
			buildSettings = {
				ASSETCATALOG_COMPILER_APPICON_NAME = AppIcon;
				ASSETCATALOG_COMPILER_GLOBAL_ACCENT_COLOR_NAME = AccentColor;
				CODE_SIGN_STYLE = Automatic;
				CURRENT_PROJECT_VERSION = 1;
				GENERATE_INFOPLIST_FILE = YES;
				INFOPLIST_FILE = SpaceXTest/Info.plist;
				INFOPLIST_KEY_UIApplicationSupportsIndirectInputEvents = YES;
				INFOPLIST_KEY_UILaunchStoryboardName = LaunchScreen;
				INFOPLIST_KEY_UIMainStoryboardFile = "";
				INFOPLIST_KEY_UISupportedInterfaceOrientations_iPad = "UIInterfaceOrientationPortrait UIInterfaceOrientationPortraitUpsideDown UIInterfaceOrientationLandscapeLeft UIInterfaceOrientationLandscapeRight";
				INFOPLIST_KEY_UISupportedInterfaceOrientations_iPhone = "UIInterfaceOrientationPortrait UIInterfaceOrientationLandscapeLeft UIInterfaceOrientationLandscapeRight";
				LD_RUNPATH_SEARCH_PATHS = (
					"$(inherited)",
					"@executable_path/Frameworks",
				);
				MARKETING_VERSION = 1.0;
				PRODUCT_BUNDLE_IDENTIFIER = ita.SpaceXTest;
				PRODUCT_NAME = "$(TARGET_NAME)";
				SWIFT_EMIT_LOC_STRINGS = YES;
				SWIFT_VERSION = 5.0;
				TARGETED_DEVICE_FAMILY = "1,2";
			};
			name = Release;
		};
/* End XCBuildConfiguration section */

/* Begin XCConfigurationList section */
		681E4F692AA99B5700DD07DF /* Build configuration list for PBXProject "SpaceXTest" */ = {
			isa = XCConfigurationList;
			buildConfigurations = (
				681E4F802AA99B5800DD07DF /* Debug */,
				681E4F812AA99B5800DD07DF /* Release */,
			);
			defaultConfigurationIsVisible = 0;
			defaultConfigurationName = Release;
		};
		681E4F822AA99B5800DD07DF /* Build configuration list for PBXNativeTarget "SpaceXTest" */ = {
			isa = XCConfigurationList;
			buildConfigurations = (
				681E4F832AA99B5800DD07DF /* Debug */,
				681E4F842AA99B5800DD07DF /* Release */,
			);
			defaultConfigurationIsVisible = 0;
			defaultConfigurationName = Release;
		};
/* End XCConfigurationList section */

/* Begin XCRemoteSwiftPackageReference section */
		684B7C702AA9A0AD004DBE54 /* XCRemoteSwiftPackageReference "Alamofire" */ = {
			isa = XCRemoteSwiftPackageReference;
			repositoryURL = "https://github.com/Alamofire/Alamofire.git";
			requirement = {
				kind = upToNextMajorVersion;
				minimumVersion = 5.0.0;
			};
		};
		68F937A32AAA9781004F8327 /* XCRemoteSwiftPackageReference "lottie-spm" */ = {
			isa = XCRemoteSwiftPackageReference;
			repositoryURL = "https://github.com/airbnb/lottie-spm.git";
			requirement = {
				kind = upToNextMajorVersion;
				minimumVersion = 4.0.0;
			};
		};
		68F937C72AAAC700004F8327 /* XCRemoteSwiftPackageReference "realm-swift" */ = {
			isa = XCRemoteSwiftPackageReference;
			repositoryURL = "https://github.com/realm/realm-swift.git";
			requirement = {
				branch = master;
				kind = branch;
			};
		};
/* End XCRemoteSwiftPackageReference section */

/* Begin XCSwiftPackageProductDependency section */
		684B7C712AA9A0AD004DBE54 /* Alamofire */ = {
			isa = XCSwiftPackageProductDependency;
			package = 684B7C702AA9A0AD004DBE54 /* XCRemoteSwiftPackageReference "Alamofire" */;
			productName = Alamofire;
		};
		68F937A42AAA9781004F8327 /* Lottie */ = {
			isa = XCSwiftPackageProductDependency;
			package = 68F937A32AAA9781004F8327 /* XCRemoteSwiftPackageReference "lottie-spm" */;
			productName = Lottie;
		};
		68F937C82AAAC700004F8327 /* RealmSwift */ = {
			isa = XCSwiftPackageProductDependency;
			package = 68F937C72AAAC700004F8327 /* XCRemoteSwiftPackageReference "realm-swift" */;
			productName = RealmSwift;
		};
/* End XCSwiftPackageProductDependency section */
	};
	rootObject = 681E4F662AA99B5700DD07DF /* Project object */;
}
